# generated by rye
# use `rye lock` or `rye sync` to update this lockfile
#
# last locked with the following flags:
#   pre: false
#   features: []
#   all-features: false
#   with-sources: false
#   generate-hashes: false

-e file:.
addict==2.4.0
    # via charm
appdirs==1.4.4
    # via charm
    # via fs
arcade @ git+https://github.com/pythonarcade/arcade@58bde7e2f7880bf8bc0d799b928ce9b1c8a8b900
    # via charm
arcade-accelerate==1.0.1
    # via charm
arrow==1.2.3
    # via charm
attrs==23.2.0
    # via pytest
    # via pytiled-parser
autopep8==2.0.1
certifi==2024.6.2
    # via requests
cffi==1.16.0
    # via pymunk
charset-normalizer==3.3.2
    # via requests
colorama==0.4.6
    # via pytest
colored==1.4.2
    # via digiformatter
digiformatter==0.5.7.2
    # via charm
emoji-data-python==1.5.0
    # via charm
flake8==6.0.0
fs==2.4.16
    # via simfile
glfw==2.7.0
    # via imgui-bundle
idna==3.7
    # via requests
imgui-bundle==1.3.0
    # via charm
iniconfig==2.0.0
    # via pytest
mccabe==0.7.0
    # via flake8
msdparser==2.0.0
    # via simfile
munch==4.0.0
    # via imgui-bundle
ndjson==0.3.1
    # via charm
nindex==1.0.0
    # via charm
numpy==1.26.4
    # via charm
    # via imgui-bundle
packaging==24.1
    # via pytest
pillow==10.2.0
    # via arcade
    # via imgui-bundle
pluggy==1.5.0
    # via pytest
pycodestyle==2.10.0
    # via autopep8
    # via flake8
pycparser==2.22
    # via cffi
pyflakes==3.0.1
    # via flake8
pyglet==2.1.dev2
    # via arcade
pymunk==6.6.0
    # via arcade
pyogg==0.6.14a1
    # via charm
pyopengl==3.1.7
    # via imgui-bundle
pyperclip==1.8.2
    # via charm
pypresence==4.2.1
    # via charm
pysubs2==1.6.0
    # via charm
pytest==7.2.1
python-dateutil==2.9.0.post0
    # via arrow
python-exports==1.1.1
    # via charm
pytiled-parser==2.2.3
    # via arcade
requests==2.28.2
    # via charm
setuptools==70.0.0
    # via fs
simfile==2.1.1
    # via charm
six==1.16.0
    # via fs
    # via python-dateutil
typing-extensions==4.12.2
    # via pytiled-parser
urllib3==1.26.18
    # via requests
